
Microsoft Visual Studio Solution File, Format Version 12.00
# Visual Studio 15
VisualStudioVersion = 15.0.27703.2026
MinimumVisualStudioVersion = 10.0.40219.1
Project("{FAE04EC0-301F-11D3-BF4B-00C04F79EFBC}") = "HelloWorld", "HelloWorld\HelloWorld.csproj", "{0962AA8A-1B67-4654-8685-DBEB1B2F2FB8}"
EndProject
Global
	GlobalSection(SolutionConfigurationPlatforms) = preSolution
		Debug|Any CPU = Debug|Any CPU
		Release|Any CPU = Release|Any CPU
	EndGlobalSection
	GlobalSection(ProjectConfigurationPlatforms) = postSolution
		{0962AA8A-1B67-4654-8685-DBEB1B2F2FB8}.Debug|Any CPU.ActiveCfg = Debug|Any CPU
		{0962AA8A-1B67-4654-8685-DBEB1B2F2FB8}.Debug|Any CPU.Build.0 = Debug|Any CPU
		{0962AA8A-1B67-4654-8685-DBEB1B2F2FB8}.Release|Any CPU.ActiveCfg = Release|Any CPU
		{0962AA8A-1B67-4654-8685-DBEB1B2F2FB8}.Release|Any CPU.Build.0 = Release|Any CPU
	EndGlobalSection
	GlobalSection(SolutionProperties) = preSolution
		HideSolutionNode = FALSE
	EndGlobalSection
	GlobalSection(ExtensibilityGlobals) = postSolution
		SolutionGuid = {8DAC8262-F1E7-4F6D-9CC9-871ECEC18E75}
	EndGlobalSection
EndGlobal
